// !$*UTF8*$!
{
	archiveVersion = 1;
	classes = {
	};
	objectVersion = 46;
	objects = {

/* Begin PBXBuildFile section */
		5D142A9D92D8B9F1DC369F31 /* libPods.a in Frameworks */ = {isa = PBXBuildFile; fileRef = D3F28620950E097CC430C274 /* libPods.a */; };
		B33579051A9C246D002BF317 /* AppDelegate.swift in Sources */ = {isa = PBXBuildFile; fileRef = B33579041A9C246D002BF317 /* AppDelegate.swift */; };
		B33579071A9C246D002BF317 /* MainViewController.swift in Sources */ = {isa = PBXBuildFile; fileRef = B33579061A9C246D002BF317 /* MainViewController.swift */; };
		B335790A1A9C246D002BF317 /* Main.storyboard in Resources */ = {isa = PBXBuildFile; fileRef = B33579081A9C246D002BF317 /* Main.storyboard */; };
		B335790C1A9C246D002BF317 /* Images.xcassets in Resources */ = {isa = PBXBuildFile; fileRef = B335790B1A9C246D002BF317 /* Images.xcassets */; };
		B335790F1A9C246D002BF317 /* LaunchScreen.xib in Resources */ = {isa = PBXBuildFile; fileRef = B335790D1A9C246D002BF317 /* LaunchScreen.xib */; };
		B335791B1A9C246D002BF317 /* TimoooTests.swift in Sources */ = {isa = PBXBuildFile; fileRef = B335791A1A9C246D002BF317 /* TimoooTests.swift */; };
		B3B5A71B1A9D56A900F69A5D /* TimerCircle.swift in Sources */ = {isa = PBXBuildFile; fileRef = B3B5A71A1A9D56A900F69A5D /* TimerCircle.swift */; };
/* End PBXBuildFile section */

/* Begin PBXContainerItemProxy section */
		B33579151A9C246D002BF317 /* PBXContainerItemProxy */ = {
			isa = PBXContainerItemProxy;
			containerPortal = B33578F71A9C246D002BF317 /* Project object */;
			proxyType = 1;
			remoteGlobalIDString = B33578FE1A9C246D002BF317;
			remoteInfo = Timooo;
		};
/* End PBXContainerItemProxy section */

/* Begin PBXFileReference section */
		2885F9B52A4DD9AF7CDBFE78 /* Pods.debug.xcconfig */ = {isa = PBXFileReference; includeInIndex = 1; lastKnownFileType = text.xcconfig; name = Pods.debug.xcconfig; path = "Pods/Target Support Files/Pods/Pods.debug.xcconfig"; sourceTree = "<group>"; };
		AD9B7C2F2193E313BA43D9D2 /* Pods.release.xcconfig */ = {isa = PBXFileReference; includeInIndex = 1; lastKnownFileType = text.xcconfig; name = Pods.release.xcconfig; path = "Pods/Target Support Files/Pods/Pods.release.xcconfig"; sourceTree = "<group>"; };
		B33578FF1A9C246D002BF317 /* Timooo.app */ = {isa = PBXFileReference; explicitFileType = wrapper.application; includeInIndex = 0; path = Timooo.app; sourceTree = BUILT_PRODUCTS_DIR; };
		B33579031A9C246D002BF317 /* Info.plist */ = {isa = PBXFileReference; lastKnownFileType = text.plist.xml; path = Info.plist; sourceTree = "<group>"; };
		B33579041A9C246D002BF317 /* AppDelegate.swift */ = {isa = PBXFileReference; lastKnownFileType = sourcecode.swift; path = AppDelegate.swift; sourceTree = "<group>"; };
		B33579061A9C246D002BF317 /* MainViewController.swift */ = {isa = PBXFileReference; lastKnownFileType = sourcecode.swift; path = MainViewController.swift; sourceTree = "<group>"; };
		B33579091A9C246D002BF317 /* Base */ = {isa = PBXFileReference; lastKnownFileType = file.storyboard; name = Base; path = Base.lproj/Main.storyboard; sourceTree = "<group>"; };
		B335790B1A9C246D002BF317 /* Images.xcassets */ = {isa = PBXFileReference; lastKnownFileType = folder.assetcatalog; path = Images.xcassets; sourceTree = "<group>"; };
		B335790E1A9C246D002BF317 /* Base */ = {isa = PBXFileReference; lastKnownFileType = file.xib; name = Base; path = Base.lproj/LaunchScreen.xib; sourceTree = "<group>"; };
		B33579141A9C246D002BF317 /* TimoooTests.xctest */ = {isa = PBXFileReference; explicitFileType = wrapper.cfbundle; includeInIndex = 0; path = TimoooTests.xctest; sourceTree = BUILT_PRODUCTS_DIR; };
		B33579191A9C246D002BF317 /* Info.plist */ = {isa = PBXFileReference; lastKnownFileType = text.plist.xml; path = Info.plist; sourceTree = "<group>"; };
		B335791A1A9C246D002BF317 /* TimoooTests.swift */ = {isa = PBXFileReference; lastKnownFileType = sourcecode.swift; path = TimoooTests.swift; sourceTree = "<group>"; };
		B33579241A9C2521002BF317 /* Timooo-Bridging-Header.h */ = {isa = PBXFileReference; lastKnownFileType = sourcecode.c.h; path = "Timooo-Bridging-Header.h"; sourceTree = "<group>"; };
		B3B5A71A1A9D56A900F69A5D /* TimerCircle.swift */ = {isa = PBXFileReference; fileEncoding = 4; lastKnownFileType = sourcecode.swift; path = TimerCircle.swift; sourceTree = "<group>"; };
		D3F28620950E097CC430C274 /* libPods.a */ = {isa = PBXFileReference; explicitFileType = archive.ar; includeInIndex = 0; path = libPods.a; sourceTree = BUILT_PRODUCTS_DIR; };
/* End PBXFileReference section */

/* Begin PBXFrameworksBuildPhase section */
		B33578FC1A9C246D002BF317 /* Frameworks */ = {
			isa = PBXFrameworksBuildPhase;
			buildActionMask = 2147483647;
			files = (
				5D142A9D92D8B9F1DC369F31 /* libPods.a in Frameworks */,
			);
			runOnlyForDeploymentPostprocessing = 0;
		};
		B33579111A9C246D002BF317 /* Frameworks */ = {
			isa = PBXFrameworksBuildPhase;
			buildActionMask = 2147483647;
			files = (
			);
			runOnlyForDeploymentPostprocessing = 0;
		};
/* End PBXFrameworksBuildPhase section */

/* Begin PBXGroup section */
		0009E667C30A245F833288D0 /* Frameworks */ = {
			isa = PBXGroup;
			children = (
				D3F28620950E097CC430C274 /* libPods.a */,
			);
			name = Frameworks;
			sourceTree = "<group>";
		};
		B33578F61A9C246D002BF317 = {
			isa = PBXGroup;
			children = (
				B33579011A9C246D002BF317 /* Timooo */,
				B33579171A9C246D002BF317 /* TimoooTests */,
				B33579001A9C246D002BF317 /* Products */,
				CA8FE6B6EA7CFAAB613AE054 /* Pods */,
				0009E667C30A245F833288D0 /* Frameworks */,
			);
			sourceTree = "<group>";
		};
		B33579001A9C246D002BF317 /* Products */ = {
			isa = PBXGroup;
			children = (
				B33578FF1A9C246D002BF317 /* Timooo.app */,
				B33579141A9C246D002BF317 /* TimoooTests.xctest */,
			);
			name = Products;
			sourceTree = "<group>";
		};
		B33579011A9C246D002BF317 /* Timooo */ = {
			isa = PBXGroup;
			children = (
				B335792B1A9C26FA002BF317 /* UI */,
				B335792A1A9C26F1002BF317 /* Controller */,
				B33579291A9C26EE002BF317 /* Model */,
				B33579281A9C26E9002BF317 /* View */,
				B33579021A9C246D002BF317 /* Supporting Files */,
				B335790B1A9C246D002BF317 /* Images.xcassets */,
			);
			path = Timooo;
			sourceTree = "<group>";
		};
		B33579021A9C246D002BF317 /* Supporting Files */ = {
			isa = PBXGroup;
			children = (
				B33579031A9C246D002BF317 /* Info.plist */,
				B33579241A9C2521002BF317 /* Timooo-Bridging-Header.h */,
			);
			name = "Supporting Files";
			sourceTree = "<group>";
		};
		B33579171A9C246D002BF317 /* TimoooTests */ = {
			isa = PBXGroup;
			children = (
				B335791A1A9C246D002BF317 /* TimoooTests.swift */,
				B33579181A9C246D002BF317 /* Supporting Files */,
			);
			path = TimoooTests;
			sourceTree = "<group>";
		};
		B33579181A9C246D002BF317 /* Supporting Files */ = {
			isa = PBXGroup;
			children = (
				B33579191A9C246D002BF317 /* Info.plist */,
			);
			name = "Supporting Files";
			sourceTree = "<group>";
		};
		B33579281A9C26E9002BF317 /* View */ = {
			isa = PBXGroup;
			children = (
				B3B5A71A1A9D56A900F69A5D /* TimerCircle.swift */,
			);
			name = View;
			sourceTree = "<group>";
		};
		B33579291A9C26EE002BF317 /* Model */ = {
			isa = PBXGroup;
			children = (
				B33579041A9C246D002BF317 /* AppDelegate.swift */,
			);
			name = Model;
			sourceTree = "<group>";
		};
		B335792A1A9C26F1002BF317 /* Controller */ = {
			isa = PBXGroup;
			children = (
				B33579061A9C246D002BF317 /* MainViewController.swift */,
			);
			name = Controller;
			sourceTree = "<group>";
		};
		B335792B1A9C26FA002BF317 /* UI */ = {
			isa = PBXGroup;
			children = (
				B33579081A9C246D002BF317 /* Main.storyboard */,
				B335790D1A9C246D002BF317 /* LaunchScreen.xib */,
			);
			name = UI;
			sourceTree = "<group>";
		};
		CA8FE6B6EA7CFAAB613AE054 /* Pods */ = {
			isa = PBXGroup;
			children = (
				2885F9B52A4DD9AF7CDBFE78 /* Pods.debug.xcconfig */,
				AD9B7C2F2193E313BA43D9D2 /* Pods.release.xcconfig */,
			);
			name = Pods;
			sourceTree = "<group>";
		};
/* End PBXGroup section */

/* Begin PBXNativeTarget section */
		B33578FE1A9C246D002BF317 /* Timooo */ = {
			isa = PBXNativeTarget;
			buildConfigurationList = B335791E1A9C246D002BF317 /* Build configuration list for PBXNativeTarget "Timooo" */;
			buildPhases = (
				F36343426635A9F0744F2958 /* Check Pods Manifest.lock */,
				B33578FB1A9C246D002BF317 /* Sources */,
				B33578FC1A9C246D002BF317 /* Frameworks */,
				B33578FD1A9C246D002BF317 /* Resources */,
				78363B971A157164608F5C4F /* Copy Pods Resources */,
			);
			buildRules = (
			);
			dependencies = (
			);
			name = Timooo;
			productName = Timooo;
			productReference = B33578FF1A9C246D002BF317 /* Timooo.app */;
			productType = "com.apple.product-type.application";
		};
		B33579131A9C246D002BF317 /* TimoooTests */ = {
			isa = PBXNativeTarget;
			buildConfigurationList = B33579211A9C246D002BF317 /* Build configuration list for PBXNativeTarget "TimoooTests" */;
			buildPhases = (
				B33579101A9C246D002BF317 /* Sources */,
				B33579111A9C246D002BF317 /* Frameworks */,
				B33579121A9C246D002BF317 /* Resources */,
			);
			buildRules = (
			);
			dependencies = (
				B33579161A9C246D002BF317 /* PBXTargetDependency */,
			);
			name = TimoooTests;
			productName = TimoooTests;
			productReference = B33579141A9C246D002BF317 /* TimoooTests.xctest */;
			productType = "com.apple.product-type.bundle.unit-test";
		};
/* End PBXNativeTarget section */

/* Begin PBXProject section */
		B33578F71A9C246D002BF317 /* Project object */ = {
			isa = PBXProject;
			attributes = {
				LastUpgradeCheck = 0610;
				ORGANIZATIONNAME = "Borodutch Studio LLC";
				TargetAttributes = {
					B33578FE1A9C246D002BF317 = {
						CreatedOnToolsVersion = 6.1.1;
					};
					B33579131A9C246D002BF317 = {
						CreatedOnToolsVersion = 6.1.1;
						TestTargetID = B33578FE1A9C246D002BF317;
					};
				};
			};
			buildConfigurationList = B33578FA1A9C246D002BF317 /* Build configuration list for PBXProject "Timooo" */;
			compatibilityVersion = "Xcode 3.2";
			developmentRegion = English;
			hasScannedForEncodings = 0;
			knownRegions = (
				en,
				Base,
			);
			mainGroup = B33578F61A9C246D002BF317;
			productRefGroup = B33579001A9C246D002BF317 /* Products */;
			projectDirPath = "";
			projectRoot = "";
			targets = (
				B33578FE1A9C246D002BF317 /* Timooo */,
				B33579131A9C246D002BF317 /* TimoooTests */,
			);
		};
/* End PBXProject section */

/* Begin PBXResourcesBuildPhase section */
		B33578FD1A9C246D002BF317 /* Resources */ = {
			isa = PBXResourcesBuildPhase;
			buildActionMask = 2147483647;
			files = (
				B335790A1A9C246D002BF317 /* Main.storyboard in Resources */,
				B335790F1A9C246D002BF317 /* LaunchScreen.xib in Resources */,
				B335790C1A9C246D002BF317 /* Images.xcassets in Resources */,
			);
			runOnlyForDeploymentPostprocessing = 0;
		};
		B33579121A9C246D002BF317 /* Resources */ = {
			isa = PBXResourcesBuildPhase;
			buildActionMask = 2147483647;
			files = (
			);
			runOnlyForDeploymentPostprocessing = 0;
		};
/* End PBXResourcesBuildPhase section */

/* Begin PBXShellScriptBuildPhase section */
		78363B971A157164608F5C4F /* Copy Pods Resources */ = {
			isa = PBXShellScriptBuildPhase;
			buildActionMask = 2147483647;
			files = (
			);
			inputPaths = (
			);
			name = "Copy Pods Resources";
			outputPaths = (
			);
			runOnlyForDeploymentPostprocessing = 0;
			shellPath = /bin/sh;
			shellScript = "\"${SRCROOT}/Pods/Target Support Files/Pods/Pods-resources.sh\"\n";
			showEnvVarsInLog = 0;
		};
		F36343426635A9F0744F2958 /* Check Pods Manifest.lock */ = {
			isa = PBXShellScriptBuildPhase;
			buildActionMask = 2147483647;
			files = (
			);
			inputPaths = (
			);
			name = "Check Pods Manifest.lock";
			outputPaths = (
			);
			runOnlyForDeploymentPostprocessing = 0;
			shellPath = /bin/sh;
			shellScript = "diff \"${PODS_ROOT}/../Podfile.lock\" \"${PODS_ROOT}/Manifest.lock\" > /dev/null\nif [[ $? != 0 ]] ; then\n    cat << EOM\nerror: The sandbox is not in sync with the Podfile.lock. Run 'pod install' or update your CocoaPods installation.\nEOM\n    exit 1\nfi\n";
			showEnvVarsInLog = 0;
		};
/* End PBXShellScriptBuildPhase section */

/* Begin PBXSourcesBuildPhase section */
		B33578FB1A9C246D002BF317 /* Sources */ = {
			isa = PBXSourcesBuildPhase;
			buildActionMask = 2147483647;
			files = (
				B33579071A9C246D002BF317 /* MainViewController.swift in Sources */,
				B3B5A71B1A9D56A900F69A5D /* TimerCircle.swift in Sources */,
				B33579051A9C246D002BF317 /* AppDelegate.swift in Sources */,
			);
			runOnlyForDeploymentPostprocessing = 0;
		};
		B33579101A9C246D002BF317 /* Sources */ = {
			isa = PBXSourcesBuildPhase;
			buildActionMask = 2147483647;
			files = (
				B335791B1A9C246D002BF317 /* TimoooTests.swift in Sources */,
			);
			runOnlyForDeploymentPostprocessing = 0;
		};
/* End PBXSourcesBuildPhase section */

/* Begin PBXTargetDependency section */
		B33579161A9C246D002BF317 /* PBXTargetDependency */ = {
			isa = PBXTargetDependency;
			target = B33578FE1A9C246D002BF317 /* Timooo */;
			targetProxy = B33579151A9C246D002BF317 /* PBXContainerItemProxy */;
		};
/* End PBXTargetDependency section */

/* Begin PBXVariantGroup section */
		B33579081A9C246D002BF317 /* Main.storyboard */ = {
			isa = PBXVariantGroup;
			children = (
				B33579091A9C246D002BF317 /* Base */,
			);
			name = Main.storyboard;
			sourceTree = "<group>";
		};
		B335790D1A9C246D002BF317 /* LaunchScreen.xib */ = {
			isa = PBXVariantGroup;
			children = (
				B335790E1A9C246D002BF317 /* Base */,
			);
			name = LaunchScreen.xib;
			sourceTree = "<group>";
		};
/* End PBXVariantGroup section */

/* Begin XCBuildConfiguration section */
		B335791C1A9C246D002BF317 /* Debug */ = {
			isa = XCBuildConfiguration;
			buildSettings = {
				ALWAYS_SEARCH_USER_PATHS = NO;
				CLANG_CXX_LANGUAGE_STANDARD = "gnu++0x";
				CLANG_CXX_LIBRARY = "libc++";
				CLANG_ENABLE_MODULES = YES;
				CLANG_ENABLE_OBJC_ARC = YES;
				CLANG_WARN_BOOL_CONVERSION = YES;
				CLANG_WARN_CONSTANT_CONVERSION = YES;
				CLANG_WARN_DIRECT_OBJC_ISA_USAGE = YES_ERROR;
				CLANG_WARN_EMPTY_BODY = YES;
				CLANG_WARN_ENUM_CONVERSION = YES;
				CLANG_WARN_INT_CONVERSION = YES;
				CLANG_WARN_OBJC_ROOT_CLASS = YES_ERROR;
				CLANG_WARN_UNREACHABLE_CODE = YES;
				CLANG_WARN__DUPLICATE_METHOD_MATCH = YES;
				"CODE_SIGN_IDENTITY[sdk=iphoneos*]" = "iPhone Developer";
				COPY_PHASE_STRIP = NO;
				ENABLE_STRICT_OBJC_MSGSEND = YES;
				GCC_C_LANGUAGE_STANDARD = gnu99;
				GCC_DYNAMIC_NO_PIC = NO;
				GCC_OPTIMIZATION_LEVEL = 0;
				GCC_PREPROCESSOR_DEFINITIONS = (
					"DEBUG=1",
					"$(inherited)",
				);
				GCC_SYMBOLS_PRIVATE_EXTERN = NO;
				GCC_WARN_64_TO_32_BIT_CONVERSION = YES;
				GCC_WARN_ABOUT_RETURN_TYPE = YES_ERROR;
				GCC_WARN_UNDECLARED_SELECTOR = YES;
				GCC_WARN_UNINITIALIZED_AUTOS = YES_AGGRESSIVE;
				GCC_WARN_UNUSED_FUNCTION = YES;
				GCC_WARN_UNUSED_VARIABLE = YES;
				IPHONEOS_DEPLOYMENT_TARGET = 8.1;
				MTL_ENABLE_DEBUG_INFO = YES;
				ONLY_ACTIVE_ARCH = YES;
				SDKROOT = iphoneos;
				SWIFT_OPTIMIZATION_LEVEL = "-Onone";
				TARGETED_DEVICE_FAMILY = "1,2";
			};
			name = Debug;
		};
		B335791D1A9C246D002BF317 /* Release */ = {
			isa = XCBuildConfiguration;
			buildSettings = {
				ALWAYS_SEARCH_USER_PATHS = NO;
				CLANG_CXX_LANGUAGE_STANDARD = "gnu++0x";
				CLANG_CXX_LIBRARY = "libc++";
				CLANG_ENABLE_MODULES = YES;
				CLANG_ENABLE_OBJC_ARC = YES;
				CLANG_WARN_BOOL_CONVERSION = YES;
				CLANG_WARN_CONSTANT_CONVERSION = YES;
				CLANG_WARN_DIRECT_OBJC_ISA_USAGE = YES_ERROR;
				CLANG_WARN_EMPTY_BODY = YES;
				CLANG_WARN_ENUM_CONVERSION = YES;
				CLANG_WARN_INT_CONVERSION = YES;
				CLANG_WARN_OBJC_ROOT_CLASS = YES_ERROR;
				CLANG_WARN_UNREACHABLE_CODE = YES;
				CLANG_WARN__DUPLICATE_METHOD_MATCH = YES;
				"CODE_SIGN_IDENTITY[sdk=iphoneos*]" = "iPhone Developer";
				COPY_PHASE_STRIP = YES;
				ENABLE_NS_ASSERTIONS = NO;
				ENABLE_STRICT_OBJC_MSGSEND = YES;
				GCC_C_LANGUAGE_STANDARD = gnu99;
				GCC_WARN_64_TO_32_BIT_CONVERSION = YES;
				GCC_WARN_ABOUT_RETURN_TYPE = YES_ERROR;
				GCC_WARN_UNDECLARED_SELECTOR = YES;
				GCC_WARN_UNINITIALIZED_AUTOS = YES_AGGRESSIVE;
				GCC_WARN_UNUSED_FUNCTION = YES;
				GCC_WARN_UNUSED_VARIABLE = YES;
				IPHONEOS_DEPLOYMENT_TARGET = 8.1;
				MTL_ENABLE_DEBUG_INFO = NO;
				SDKROOT = iphoneos;
				TARGETED_DEVICE_FAMILY = "1,2";
				VALIDATE_PRODUCT = YES;
			};
			name = Release;
		};
		B335791F1A9C246D002BF317 /* Debug */ = {
			isa = XCBuildConfiguration;
			baseConfigurationReference = 2885F9B52A4DD9AF7CDBFE78 /* Pods.debug.xcconfig */;
			buildSettings = {
				ASSETCATALOG_COMPILER_APPICON_NAME = AppIcon;
				CLANG_ENABLE_MODULES = YES;
				INFOPLIST_FILE = Timooo/Info.plist;
				LD_RUNPATH_SEARCH_PATHS = "$(inherited) @executable_path/Frameworks";
				PRODUCT_NAME = "$(TARGET_NAME)";
				SWIFT_OBJC_BRIDGING_HEADER = "Timooo/Timooo-Bridging-Header.h";
				SWIFT_OPTIMIZATION_LEVEL = "-Onone";
			};
			name = Debug;
		};
		B33579201A9C246D002BF317 /* Release */ = {
			isa = XCBuildConfiguration;
			baseConfigurationReference = AD9B7C2F2193E313BA43D9D2 /* Pods.release.xcconfig */;
			buildSettings = {
				ASSETCATALOG_COMPILER_APPICON_NAME = AppIcon;
				CLANG_ENABLE_MODULES = YES;
				INFOPLIST_FILE = Timooo/Info.plist;
				LD_RUNPATH_SEARCH_PATHS = "$(inherited) @executable_path/Frameworks";
				PRODUCT_NAME = "$(TARGET_NAME)";
				SWIFT_OBJC_BRIDGING_HEADER = "Timooo/Timooo-Bridging-Header.h";
			};
			name = Release;
		};
		B33579221A9C246D002BF317 /* Debug */ = {
			isa = XCBuildConfiguration;
			buildSettings = {
				BUNDLE_LOADER = "$(TEST_HOST)";
				FRAMEWORK_SEARCH_PATHS = (
					"$(SDKROOT)/Developer/Library/Frameworks",
					"$(inherited)",
				);
				GCC_PREPROCESSOR_DEFINITIONS = (
					"DEBUG=1",
					"$(inherited)",
				);
				INFOPLIST_FILE = TimoooTests/Info.plist;
				LD_RUNPATH_SEARCH_PATHS = "$(inherited) @executable_path/Frameworks @loader_path/Frameworks";
				PRODUCT_NAME = "$(TARGET_NAME)";
				TEST_HOST = "$(BUILT_PRODUCTS_DIR)/Timooo.app/Timooo";
			};
			name = Debug;
		};
		B33579231A9C246D002BF317 /* Release */ = {
			isa = XCBuildConfiguration;
			buildSettings = {
				BUNDLE_LOADER = "$(TEST_HOST)";
				FRAMEWORK_SEARCH_PATHS = (
					"$(SDKROOT)/Developer/Library/Frameworks",
					"$(inherited)",
				);
				INFOPLIST_FILE = TimoooTests/Info.plist;
				LD_RUNPATH_SEARCH_PATHS = "$(inherited) @executable_path/Frameworks @loader_path/Frameworks";
				PRODUCT_NAME = "$(TARGET_NAME)";
				TEST_HOST = "$(BUILT_PRODUCTS_DIR)/Timooo.app/Timooo";
			};
			name = Release;
		};
/* End XCBuildConfiguration section */

/* Begin XCConfigurationList section */
		B33578FA1A9C246D002BF317 /* Build configuration list for PBXProject "Timooo" */ = {
			isa = XCConfigurationList;
			buildConfigurations = (
				B335791C1A9C246D002BF317 /* Debug */,
				B335791D1A9C246D002BF317 /* Release */,
			);
			defaultConfigurationIsVisible = 0;
			defaultConfigurationName = Release;
		};
		B335791E1A9C246D002BF317 /* Build configuration list for PBXNativeTarget "Timooo" */ = {
			isa = XCConfigurationList;
			buildConfigurations = (
				B335791F1A9C246D002BF317 /* Debug */,
				B33579201A9C246D002BF317 /* Release */,
			);
			defaultConfigurationIsVisible = 0;
			defaultConfigurationName = Release;
		};
		B33579211A9C246D002BF317 /* Build configuration list for PBXNativeTarget "TimoooTests" */ = {
			isa = XCConfigurationList;
			buildConfigurations = (
				B33579221A9C246D002BF317 /* Debug */,
				B33579231A9C246D002BF317 /* Release */,
			);
			defaultConfigurationIsVisible = 0;
			defaultConfigurationName = Release;
		};
/* End XCConfigurationList section */
	};
	rootObject = B33578F71A9C246D002BF317 /* Project object */;
}
